{
  "lockfile-version": 1,
  "manifest": {
    "version": 1,
    "install": {
      "hatch": {
        "pkg-path": "hatch"
      },
      "python313": {
        "pkg-path": "python313"
      },
      "uv": {
        "pkg-path": "uv"
      }
    },
    "hook": {},
    "profile": {},
    "options": {
      "systems": [
        "aarch64-darwin",
        "aarch64-linux",
        "x86_64-darwin",
        "x86_64-linux"
      ]
    }
  },
  "packages": [
    {
      "attr_path": "hatch",
      "broken": false,
      "derivation": "/nix/store/vg67x1r3vb3i3nz7dmwxabfx7mya8k07-hatch-1.14.1.drv",
      "description": "Modern, extensible Python project manager",
      "install_id": "hatch",
      "license": "MIT",
      "locked_url": "https://github.com/flox/nixpkgs?rev=8eb28adfa3dc4de28e792e3bf49fcf9007ca8ac9",
      "name": "hatch-1.14.1",
      "pname": "hatch",
      "rev": "8eb28adfa3dc4de28e792e3bf49fcf9007ca8ac9",
      "rev_count": 856926,
      "rev_date": "2025-09-05T10:37:24Z",
      "scrape_date": "2025-09-08T03:40:55.295991Z",
      "stabilities": [
        "unstable"
      ],
      "unfree": false,
      "version": "1.14.1",
      "outputs_to_install": [
        "out"
      ],
      "outputs": {
        "dist": "/nix/store/95776l45v09cqm98szidhcfp11r29nh2-hatch-1.14.1-dist",
        "out": "/nix/store/9zg27cnj5arnws2kyg9g8v1rgwpblqbh-hatch-1.14.1"
      },
      "system": "aarch64-darwin",
      "group": "toplevel",
      "priority": 5
    },
    {
      "attr_path": "hatch",
      "broken": false,
      "derivation": "/nix/store/6r7llvsir77ryvfkhs2a7mkwr297p920-hatch-1.14.1.drv",
      "description": "Modern, extensible Python project manager",
      "install_id": "hatch",
      "license": "MIT",
      "locked_url": "https://github.com/flox/nixpkgs?rev=8eb28adfa3dc4de28e792e3bf49fcf9007ca8ac9",
      "name": "hatch-1.14.1",
      "pname": "hatch",
      "rev": "8eb28adfa3dc4de28e792e3bf49fcf9007ca8ac9",
      "rev_count": 856926,
      "rev_date": "2025-09-05T10:37:24Z",
      "scrape_date": "2025-09-08T03:52:39.229925Z",
      "stabilities": [
        "unstable"
      ],
      "unfree": false,
      "version": "1.14.1",
      "outputs_to_install": [
        "out"
      ],
      "outputs": {
        "dist": "/nix/store/99pwwgl53gmiwg83bgdi6inq3f8vm1gq-hatch-1.14.1-dist",
        "out": "/nix/store/rikainghpafs1arcard98kpdl8lh3w10-hatch-1.14.1"
      },
      "system": "aarch64-linux",
      "group": "toplevel",
      "priority": 5
    },
    {
      "attr_path": "hatch",
      "broken": false,
      "derivation": "/nix/store/ygb4qvr7v5ck3si959ddk1b2ydnvyqac-hatch-1.14.1.drv",
      "description": "Modern, extensible Python project manager",
      "install_id": "hatch",
      "license": "MIT",
      "locked_url": "https://github.com/flox/nixpkgs?rev=8eb28adfa3dc4de28e792e3bf49fcf9007ca8ac9",
      "name": "hatch-1.14.1",
      "pname": "hatch",
      "rev": "8eb28adfa3dc4de28e792e3bf49fcf9007ca8ac9",
      "rev_count": 856926,
      "rev_date": "2025-09-05T10:37:24Z",
      "scrape_date": "2025-09-08T04:22:16.682810Z",
      "stabilities": [
        "unstable"
      ],
      "unfree": false,
      "version": "1.14.1",
      "outputs_to_install": [
        "out"
      ],
      "outputs": {
        "dist": "/nix/store/g48g90n312nryfapkw5ld18y4i0s75zd-hatch-1.14.1-dist",
        "out": "/nix/store/ygznasvwh4agc318ddsn6ip52nkfdzp8-hatch-1.14.1"
      },
      "system": "x86_64-darwin",
      "group": "toplevel",
      "priority": 5
    },
    {
      "attr_path": "hatch",
      "broken": false,
      "derivation": "/nix/store/z7pz4p9pa4ci83bbbw8b3jq5zdxx93p1-hatch-1.14.1.drv",
      "description": "Modern, extensible Python project manager",
      "install_id": "hatch",
      "license": "MIT",
      "locked_url": "https://github.com/flox/nixpkgs?rev=8eb28adfa3dc4de28e792e3bf49fcf9007ca8ac9",
      "name": "hatch-1.14.1",
      "pname": "hatch",
      "rev": "8eb28adfa3dc4de28e792e3bf49fcf9007ca8ac9",
      "rev_count": 856926,
      "rev_date": "2025-09-05T10:37:24Z",
      "scrape_date": "2025-09-08T04:54:47.618021Z",
      "stabilities": [
        "unstable"
      ],
      "unfree": false,
      "version": "1.14.1",
      "outputs_to_install": [
        "out"
      ],
      "outputs": {
        "dist": "/nix/store/l1639xz1hmyra514yr48lc89a3anixq0-hatch-1.14.1-dist",
        "out": "/nix/store/bcy88ghmjr9n6g81vifn0qqz941fgc6w-hatch-1.14.1"
      },
      "system": "x86_64-linux",
      "group": "toplevel",
      "priority": 5
    },
    {
      "attr_path": "python313",
      "broken": false,
      "derivation": "/nix/store/v641x0gi71cbd8vsh93wqxbxx6afv21a-python3-3.13.6.drv",
      "description": "High-level dynamically-typed programming language",
      "install_id": "python313",
      "license": "Python-2.0",
      "locked_url": "https://github.com/flox/nixpkgs?rev=8eb28adfa3dc4de28e792e3bf49fcf9007ca8ac9",
      "name": "python3-3.13.6",
      "pname": "python313",
      "rev": "8eb28adfa3dc4de28e792e3bf49fcf9007ca8ac9",
      "rev_count": 856926,
      "rev_date": "2025-09-05T10:37:24Z",
      "scrape_date": "2025-09-08T03:41:40.597950Z",
      "stabilities": [
        "unstable"
      ],
      "unfree": false,
      "version": "python3-3.13.6",
      "outputs_to_install": [
        "out"
      ],
      "outputs": {
        "out": "/nix/store/9px7zzsfnlmj61yy2fpl6z14w93j05is-python3-3.13.6"
      },
      "system": "aarch64-darwin",
      "group": "toplevel",
      "priority": 5
    },
    {
      "attr_path": "python313",
      "broken": false,
      "derivation": "/nix/store/hjjpr0ckq3gs0d5qjmgg1bs0kid6ngh5-python3-3.13.6.drv",
      "description": "High-level dynamically-typed programming language",
      "install_id": "python313",
      "license": "Python-2.0",
      "locked_url": "https://github.com/flox/nixpkgs?rev=8eb28adfa3dc4de28e792e3bf49fcf9007ca8ac9",
      "name": "python3-3.13.6",
      "pname": "python313",
      "rev": "8eb28adfa3dc4de28e792e3bf49fcf9007ca8ac9",
      "rev_count": 856926,
      "rev_date": "2025-09-05T10:37:24Z",
      "scrape_date": "2025-09-08T03:53:46.828935Z",
      "stabilities": [
        "unstable"
      ],
      "unfree": false,
      "version": "python3-3.13.6",
      "outputs_to_install": [
        "out"
      ],
      "outputs": {
        "debug": "/nix/store/yxi8lg3cimrkn0mr24hslnp40hyh46l5-python3-3.13.6-debug",
        "out": "/nix/store/bv3hgziq4mv07whsa3df1d5zh72lxrbk-python3-3.13.6"
      },
      "system": "aarch64-linux",
      "group": "toplevel",
      "priority": 5
    },
    {
      "attr_path": "python313",
      "broken": false,
      "derivation": "/nix/store/gvh54p6dn1br9b1azmrnib1v8hkyvr61-python3-3.13.6.drv",
      "description": "High-level dynamically-typed programming language",
      "install_id": "python313",
      "license": "Python-2.0",
      "locked_url": "https://github.com/flox/nixpkgs?rev=8eb28adfa3dc4de28e792e3bf49fcf9007ca8ac9",
      "name": "python3-3.13.6",
      "pname": "python313",
      "rev": "8eb28adfa3dc4de28e792e3bf49fcf9007ca8ac9",
      "rev_count": 856926,
      "rev_date": "2025-09-05T10:37:24Z",
      "scrape_date": "2025-09-08T04:23:06.499702Z",
      "stabilities": [
        "unstable"
      ],
      "unfree": false,
      "version": "python3-3.13.6",
      "outputs_to_install": [
        "out"
      ],
      "outputs": {
        "out": "/nix/store/gkspnzkgarw4qvbl4670p3jcbgg6psrg-python3-3.13.6"
      },
      "system": "x86_64-darwin",
      "group": "toplevel",
      "priority": 5
    },
    {
      "attr_path": "python313",
      "broken": false,
      "derivation": "/nix/store/8sk7r1s9wf4fpmqrmrpv7jdy881224sp-python3-3.13.6.drv",
      "description": "High-level dynamically-typed programming language",
      "install_id": "python313",
      "license": "Python-2.0",
      "locked_url": "https://github.com/flox/nixpkgs?rev=8eb28adfa3dc4de28e792e3bf49fcf9007ca8ac9",
      "name": "python3-3.13.6",
      "pname": "python313",
      "rev": "8eb28adfa3dc4de28e792e3bf49fcf9007ca8ac9",
      "rev_count": 856926,
      "rev_date": "2025-09-05T10:37:24Z",
      "scrape_date": "2025-09-08T04:55:59.500737Z",
      "stabilities": [
        "unstable"
      ],
      "unfree": false,
      "version": "python3-3.13.6",
      "outputs_to_install": [
        "out"
      ],
      "outputs": {
        "debug": "/nix/store/m8hzvhdrg6nnjxqkjqlm9v5mk9vfxqyq-python3-3.13.6-debug",
        "out": "/nix/store/iyff8129iampdw13nlfqalzhxy8y1hi9-python3-3.13.6"
      },
      "system": "x86_64-linux",
      "group": "toplevel",
      "priority": 5
    },
    {
      "attr_path": "uv",
      "broken": false,
      "derivation": "/nix/store/g2kfc67p7fg7q5zpri6432d36ak1bsj3-uv-0.8.6.drv",
      "description": "Extremely fast Python package installer and resolver, written in Rust",
      "install_id": "uv",
      "license": "[ Apache-2.0, MIT ]",
      "locked_url": "https://github.com/flox/nixpkgs?rev=8eb28adfa3dc4de28e792e3bf49fcf9007ca8ac9",
      "name": "uv-0.8.6",
      "pname": "uv",
      "rev": "8eb28adfa3dc4de28e792e3bf49fcf9007ca8ac9",
      "rev_count": 856926,
      "rev_date": "2025-09-05T10:37:24Z",
      "scrape_date": "2025-09-08T03:43:00.752147Z",
      "stabilities": [
        "unstable"
      ],
      "unfree": false,
      "version": "0.8.6",
      "outputs_to_install": [
        "out"
      ],
      "outputs": {
        "out": "/nix/store/hxazvw40v90nic1yjx23cdkj6hqqlywa-uv-0.8.6"
      },
      "system": "aarch64-darwin",
      "group": "toplevel",
      "priority": 5
    },
    {
      "attr_path": "uv",
      "broken": false,
      "derivation": "/nix/store/5m6laj37dkg7jpxmr69dnb3q2m422d1a-uv-0.8.6.drv",
      "description": "Extremely fast Python package installer and resolver, written in Rust",
      "install_id": "uv",
      "license": "[ Apache-2.0, MIT ]",
      "locked_url": "https://github.com/flox/nixpkgs?rev=8eb28adfa3dc4de28e792e3bf49fcf9007ca8ac9",
      "name": "uv-0.8.6",
      "pname": "uv",
      "rev": "8eb28adfa3dc4de28e792e3bf49fcf9007ca8ac9",
      "rev_count": 856926,
      "rev_date": "2025-09-05T10:37:24Z",
      "scrape_date": "2025-09-08T03:55:25.907357Z",
      "stabilities": [
        "unstable"
      ],
      "unfree": false,
      "version": "0.8.6",
      "outputs_to_install": [
        "out"
      ],
      "outputs": {
        "out": "/nix/store/li6y1v2mjj30fd5prwkawidq5lcn9ja9-uv-0.8.6"
      },
      "system": "aarch64-linux",
      "group": "toplevel",
      "priority": 5
    },
    {
      "attr_path": "uv",
      "broken": false,
      "derivation": "/nix/store/324hhmwqzqphn6vq37i4zkv3glamr2vg-uv-0.8.6.drv",
      "description": "Extremely fast Python package installer and resolver, written in Rust",
      "install_id": "uv",
      "license": "[ Apache-2.0, MIT ]",
      "locked_url": "https://github.com/flox/nixpkgs?rev=8eb28adfa3dc4de28e792e3bf49fcf9007ca8ac9",
      "name": "uv-0.8.6",
      "pname": "uv",
      "rev": "8eb28adfa3dc4de28e792e3bf49fcf9007ca8ac9",
      "rev_count": 856926,
      "rev_date": "2025-09-05T10:37:24Z",
      "scrape_date": "2025-09-08T04:24:35.939772Z",
      "stabilities": [
        "unstable"
      ],
      "unfree": false,
      "version": "0.8.6",
      "outputs_to_install": [
        "out"
      ],
      "outputs": {
        "out": "/nix/store/l37rdvvgc46jpydmyrwlxfhrslbfcnpm-uv-0.8.6"
      },
      "system": "x86_64-darwin",
      "group": "toplevel",
      "priority": 5
    },
    {
      "attr_path": "uv",
      "broken": false,
      "derivation": "/nix/store/fsv3g2p4y7c04678a0bpk6yparh2ysb7-uv-0.8.6.drv",
      "description": "Extremely fast Python package installer and resolver, written in Rust",
      "install_id": "uv",
      "license": "[ Apache-2.0, MIT ]",
      "locked_url": "https://github.com/flox/nixpkgs?rev=8eb28adfa3dc4de28e792e3bf49fcf9007ca8ac9",
      "name": "uv-0.8.6",
      "pname": "uv",
      "rev": "8eb28adfa3dc4de28e792e3bf49fcf9007ca8ac9",
      "rev_count": 856926,
      "rev_date": "2025-09-05T10:37:24Z",
      "scrape_date": "2025-09-08T04:57:43.370456Z",
      "stabilities": [
        "unstable"
      ],
      "unfree": false,
      "version": "0.8.6",
      "outputs_to_install": [
        "out"
      ],
      "outputs": {
        "out": "/nix/store/hxvcjq4a053l4gm8asl4ynjyhlz2azib-uv-0.8.6"
      },
      "system": "x86_64-linux",
      "group": "toplevel",
      "priority": 5
    }
  ]
}