{
  "lockfile-version": 1,
  "manifest": {
    "version": 1,
    "install": {
      "pack": {
        "pkg-path": "pack"
      },
      "python313": {
        "pkg-path": "python313"
      },
      "uv": {
        "pkg-path": "uv"
      }
    },
    "hook": {},
    "profile": {},
    "options": {
      "systems": [
        "aarch64-darwin",
        "aarch64-linux",
        "x86_64-darwin",
        "x86_64-linux"
      ]
    }
  },
  "packages": [
    {
      "attr_path": "pack",
      "broken": false,
      "derivation": "/nix/store/64xbcjfyjp69ixfnnwxjpwfrsnc9zxnx-pack-0.38.2.drv",
      "description": "CLI for building apps using Cloud Native Buildpacks",
      "install_id": "pack",
      "license": "Apache-2.0",
      "locked_url": "https://github.com/flox/nixpkgs?rev=8eb28adfa3dc4de28e792e3bf49fcf9007ca8ac9",
      "name": "pack-0.38.2",
      "pname": "pack",
      "rev": "8eb28adfa3dc4de28e792e3bf49fcf9007ca8ac9",
      "rev_count": 856926,
      "rev_date": "2025-09-05T10:37:24Z",
      "scrape_date": "2025-09-08T03:41:07.578714Z",
      "stabilities": [
        "unstable"
      ],
      "unfree": false,
      "version": "0.38.2",
      "outputs_to_install": [
        "out"
      ],
      "outputs": {
        "out": "/nix/store/r6a0mjgmxjp9ws8c1lj6x1xsp967licc-pack-0.38.2"
      },
      "system": "aarch64-darwin",
      "group": "toplevel",
      "priority": 5
    },
    {
      "attr_path": "pack",
      "broken": false,
      "derivation": "/nix/store/4f461d0yyax0a46n2h89p4bapw13pign-pack-0.38.2.drv",
      "description": "CLI for building apps using Cloud Native Buildpacks",
      "install_id": "pack",
      "license": "Apache-2.0",
      "locked_url": "https://github.com/flox/nixpkgs?rev=8eb28adfa3dc4de28e792e3bf49fcf9007ca8ac9",
      "name": "pack-0.38.2",
      "pname": "pack",
      "rev": "8eb28adfa3dc4de28e792e3bf49fcf9007ca8ac9",
      "rev_count": 856926,
      "rev_date": "2025-09-05T10:37:24Z",
      "scrape_date": "2025-09-08T03:53:03.948686Z",
      "stabilities": [
        "unstable"
      ],
      "unfree": false,
      "version": "0.38.2",
      "outputs_to_install": [
        "out"
      ],
      "outputs": {
        "out": "/nix/store/isng3mkvbv65kkwmyvh7y3wfa221xxj7-pack-0.38.2"
      },
      "system": "aarch64-linux",
      "group": "toplevel",
      "priority": 5
    },
    {
      "attr_path": "pack",
      "broken": false,
      "derivation": "/nix/store/izky8bx7hilc0as6jklphsyqa1l4yf38-pack-0.38.2.drv",
      "description": "CLI for building apps using Cloud Native Buildpacks",
      "install_id": "pack",
      "license": "Apache-2.0",
      "locked_url": "https://github.com/flox/nixpkgs?rev=8eb28adfa3dc4de28e792e3bf49fcf9007ca8ac9",
      "name": "pack-0.38.2",
      "pname": "pack",
      "rev": "8eb28adfa3dc4de28e792e3bf49fcf9007ca8ac9",
      "rev_count": 856926,
      "rev_date": "2025-09-05T10:37:24Z",
      "scrape_date": "2025-09-08T04:22:29.535674Z",
      "stabilities": [
        "unstable"
      ],
      "unfree": false,
      "version": "0.38.2",
      "outputs_to_install": [
        "out"
      ],
      "outputs": {
        "out": "/nix/store/i1grnyv5m03apzhl3chbrz2ax38i1n05-pack-0.38.2"
      },
      "system": "x86_64-darwin",
      "group": "toplevel",
      "priority": 5
    },
    {
      "attr_path": "pack",
      "broken": false,
      "derivation": "/nix/store/2sv82x2w92fb4dzz6rvydcjpkm1qvgwi-pack-0.38.2.drv",
      "description": "CLI for building apps using Cloud Native Buildpacks",
      "install_id": "pack",
      "license": "Apache-2.0",
      "locked_url": "https://github.com/flox/nixpkgs?rev=8eb28adfa3dc4de28e792e3bf49fcf9007ca8ac9",
      "name": "pack-0.38.2",
      "pname": "pack",
      "rev": "8eb28adfa3dc4de28e792e3bf49fcf9007ca8ac9",
      "rev_count": 856926,
      "rev_date": "2025-09-05T10:37:24Z",
      "scrape_date": "2025-09-08T04:55:15.669018Z",
      "stabilities": [
        "unstable"
      ],
      "unfree": false,
      "version": "0.38.2",
      "outputs_to_install": [
        "out"
      ],
      "outputs": {
        "out": "/nix/store/gy0mf23pfm340l3fag5pi658k4z010bl-pack-0.38.2"
      },
      "system": "x86_64-linux",
      "group": "toplevel",
      "priority": 5
    },
    {
      "attr_path": "python313",
      "broken": false,
      "derivation": "/nix/store/v641x0gi71cbd8vsh93wqxbxx6afv21a-python3-3.13.6.drv",
      "description": "High-level dynamically-typed programming language",
      "install_id": "python313",
      "license": "Python-2.0",
      "locked_url": "https://github.com/flox/nixpkgs?rev=8eb28adfa3dc4de28e792e3bf49fcf9007ca8ac9",
      "name": "python3-3.13.6",
      "pname": "python313",
      "rev": "8eb28adfa3dc4de28e792e3bf49fcf9007ca8ac9",
      "rev_count": 856926,
      "rev_date": "2025-09-05T10:37:24Z",
      "scrape_date": "2025-09-08T03:41:40.597950Z",
      "stabilities": [
        "unstable"
      ],
      "unfree": false,
      "version": "python3-3.13.6",
      "outputs_to_install": [
        "out"
      ],
      "outputs": {
        "out": "/nix/store/9px7zzsfnlmj61yy2fpl6z14w93j05is-python3-3.13.6"
      },
      "system": "aarch64-darwin",
      "group": "toplevel",
      "priority": 5
    },
    {
      "attr_path": "python313",
      "broken": false,
      "derivation": "/nix/store/hjjpr0ckq3gs0d5qjmgg1bs0kid6ngh5-python3-3.13.6.drv",
      "description": "High-level dynamically-typed programming language",
      "install_id": "python313",
      "license": "Python-2.0",
      "locked_url": "https://github.com/flox/nixpkgs?rev=8eb28adfa3dc4de28e792e3bf49fcf9007ca8ac9",
      "name": "python3-3.13.6",
      "pname": "python313",
      "rev": "8eb28adfa3dc4de28e792e3bf49fcf9007ca8ac9",
      "rev_count": 856926,
      "rev_date": "2025-09-05T10:37:24Z",
      "scrape_date": "2025-09-08T03:53:46.828935Z",
      "stabilities": [
        "unstable"
      ],
      "unfree": false,
      "version": "python3-3.13.6",
      "outputs_to_install": [
        "out"
      ],
      "outputs": {
        "debug": "/nix/store/yxi8lg3cimrkn0mr24hslnp40hyh46l5-python3-3.13.6-debug",
        "out": "/nix/store/bv3hgziq4mv07whsa3df1d5zh72lxrbk-python3-3.13.6"
      },
      "system": "aarch64-linux",
      "group": "toplevel",
      "priority": 5
    },
    {
      "attr_path": "python313",
      "broken": false,
      "derivation": "/nix/store/gvh54p6dn1br9b1azmrnib1v8hkyvr61-python3-3.13.6.drv",
      "description": "High-level dynamically-typed programming language",
      "install_id": "python313",
      "license": "Python-2.0",
      "locked_url": "https://github.com/flox/nixpkgs?rev=8eb28adfa3dc4de28e792e3bf49fcf9007ca8ac9",
      "name": "python3-3.13.6",
      "pname": "python313",
      "rev": "8eb28adfa3dc4de28e792e3bf49fcf9007ca8ac9",
      "rev_count": 856926,
      "rev_date": "2025-09-05T10:37:24Z",
      "scrape_date": "2025-09-08T04:23:06.499702Z",
      "stabilities": [
        "unstable"
      ],
      "unfree": false,
      "version": "python3-3.13.6",
      "outputs_to_install": [
        "out"
      ],
      "outputs": {
        "out": "/nix/store/gkspnzkgarw4qvbl4670p3jcbgg6psrg-python3-3.13.6"
      },
      "system": "x86_64-darwin",
      "group": "toplevel",
      "priority": 5
    },
    {
      "attr_path": "python313",
      "broken": false,
      "derivation": "/nix/store/8sk7r1s9wf4fpmqrmrpv7jdy881224sp-python3-3.13.6.drv",
      "description": "High-level dynamically-typed programming language",
      "install_id": "python313",
      "license": "Python-2.0",
      "locked_url": "https://github.com/flox/nixpkgs?rev=8eb28adfa3dc4de28e792e3bf49fcf9007ca8ac9",
      "name": "python3-3.13.6",
      "pname": "python313",
      "rev": "8eb28adfa3dc4de28e792e3bf49fcf9007ca8ac9",
      "rev_count": 856926,
      "rev_date": "2025-09-05T10:37:24Z",
      "scrape_date": "2025-09-08T04:55:59.500737Z",
      "stabilities": [
        "unstable"
      ],
      "unfree": false,
      "version": "python3-3.13.6",
      "outputs_to_install": [
        "out"
      ],
      "outputs": {
        "debug": "/nix/store/m8hzvhdrg6nnjxqkjqlm9v5mk9vfxqyq-python3-3.13.6-debug",
        "out": "/nix/store/iyff8129iampdw13nlfqalzhxy8y1hi9-python3-3.13.6"
      },
      "system": "x86_64-linux",
      "group": "toplevel",
      "priority": 5
    },
    {
      "attr_path": "uv",
      "broken": false,
      "derivation": "/nix/store/g2kfc67p7fg7q5zpri6432d36ak1bsj3-uv-0.8.6.drv",
      "description": "Extremely fast Python package installer and resolver, written in Rust",
      "install_id": "uv",
      "license": "[ Apache-2.0, MIT ]",
      "locked_url": "https://github.com/flox/nixpkgs?rev=8eb28adfa3dc4de28e792e3bf49fcf9007ca8ac9",
      "name": "uv-0.8.6",
      "pname": "uv",
      "rev": "8eb28adfa3dc4de28e792e3bf49fcf9007ca8ac9",
      "rev_count": 856926,
      "rev_date": "2025-09-05T10:37:24Z",
      "scrape_date": "2025-09-08T03:43:00.752147Z",
      "stabilities": [
        "unstable"
      ],
      "unfree": false,
      "version": "0.8.6",
      "outputs_to_install": [
        "out"
      ],
      "outputs": {
        "out": "/nix/store/hxazvw40v90nic1yjx23cdkj6hqqlywa-uv-0.8.6"
      },
      "system": "aarch64-darwin",
      "group": "toplevel",
      "priority": 5
    },
    {
      "attr_path": "uv",
      "broken": false,
      "derivation": "/nix/store/5m6laj37dkg7jpxmr69dnb3q2m422d1a-uv-0.8.6.drv",
      "description": "Extremely fast Python package installer and resolver, written in Rust",
      "install_id": "uv",
      "license": "[ Apache-2.0, MIT ]",
      "locked_url": "https://github.com/flox/nixpkgs?rev=8eb28adfa3dc4de28e792e3bf49fcf9007ca8ac9",
      "name": "uv-0.8.6",
      "pname": "uv",
      "rev": "8eb28adfa3dc4de28e792e3bf49fcf9007ca8ac9",
      "rev_count": 856926,
      "rev_date": "2025-09-05T10:37:24Z",
      "scrape_date": "2025-09-08T03:55:25.907357Z",
      "stabilities": [
        "unstable"
      ],
      "unfree": false,
      "version": "0.8.6",
      "outputs_to_install": [
        "out"
      ],
      "outputs": {
        "out": "/nix/store/li6y1v2mjj30fd5prwkawidq5lcn9ja9-uv-0.8.6"
      },
      "system": "aarch64-linux",
      "group": "toplevel",
      "priority": 5
    },
    {
      "attr_path": "uv",
      "broken": false,
      "derivation": "/nix/store/324hhmwqzqphn6vq37i4zkv3glamr2vg-uv-0.8.6.drv",
      "description": "Extremely fast Python package installer and resolver, written in Rust",
      "install_id": "uv",
      "license": "[ Apache-2.0, MIT ]",
      "locked_url": "https://github.com/flox/nixpkgs?rev=8eb28adfa3dc4de28e792e3bf49fcf9007ca8ac9",
      "name": "uv-0.8.6",
      "pname": "uv",
      "rev": "8eb28adfa3dc4de28e792e3bf49fcf9007ca8ac9",
      "rev_count": 856926,
      "rev_date": "2025-09-05T10:37:24Z",
      "scrape_date": "2025-09-08T04:24:35.939772Z",
      "stabilities": [
        "unstable"
      ],
      "unfree": false,
      "version": "0.8.6",
      "outputs_to_install": [
        "out"
      ],
      "outputs": {
        "out": "/nix/store/l37rdvvgc46jpydmyrwlxfhrslbfcnpm-uv-0.8.6"
      },
      "system": "x86_64-darwin",
      "group": "toplevel",
      "priority": 5
    },
    {
      "attr_path": "uv",
      "broken": false,
      "derivation": "/nix/store/fsv3g2p4y7c04678a0bpk6yparh2ysb7-uv-0.8.6.drv",
      "description": "Extremely fast Python package installer and resolver, written in Rust",
      "install_id": "uv",
      "license": "[ Apache-2.0, MIT ]",
      "locked_url": "https://github.com/flox/nixpkgs?rev=8eb28adfa3dc4de28e792e3bf49fcf9007ca8ac9",
      "name": "uv-0.8.6",
      "pname": "uv",
      "rev": "8eb28adfa3dc4de28e792e3bf49fcf9007ca8ac9",
      "rev_count": 856926,
      "rev_date": "2025-09-05T10:37:24Z",
      "scrape_date": "2025-09-08T04:57:43.370456Z",
      "stabilities": [
        "unstable"
      ],
      "unfree": false,
      "version": "0.8.6",
      "outputs_to_install": [
        "out"
      ],
      "outputs": {
        "out": "/nix/store/hxvcjq4a053l4gm8asl4ynjyhlz2azib-uv-0.8.6"
      },
      "system": "x86_64-linux",
      "group": "toplevel",
      "priority": 5
    }
  ]
}